
Microsoft Visual Studio Solution File, Format Version 12.00
# Visual Studio Version 17
VisualStudioVersion = 17.0.31903.59
MinimumVisualStudioVersion = 10.0.40219.1
Project("{FAE04EC0-301F-11D3-BF4B-00C04F79EFBC}") = "API", "API\API.csproj", "{3CB32A31-19CF-44D5-98C8-63351B177EA3}"
EndProject
Project("{FAE04EC0-301F-11D3-BF4B-00C04F79EFBC}") = "Application", "Application\Application.csproj", "{5AE74353-F6FD-46AC-AE31-642C7FC2C172}"
EndProject
Project("{FAE04EC0-301F-11D3-BF4B-00C04F79EFBC}") = "Domain", "Domain\Domain.csproj", "{B5F1EA23-0D58-4B68-9265-E08EE93F3834}"
EndProject
Project("{FAE04EC0-301F-11D3-BF4B-00C04F79EFBC}") = "Persistence", "Persistence\Persistence.csproj", "{F87FFC97-8CD8-4ECD-94F2-EA3B5A250B61}"
EndProject
Project("{FAE04EC0-301F-11D3-BF4B-00C04F79EFBC}") = "Infrastructure", "Infrastructure\Infrastructure.csproj", "{28E5AAC3-6A19-4720-8C68-D3143F2DA6B5}"
EndProject
Global
	GlobalSection(SolutionConfigurationPlatforms) = preSolution
		Debug|Any CPU = Debug|Any CPU
		Debug|x64 = Debug|x64
		Debug|x86 = Debug|x86
		Release|Any CPU = Release|Any CPU
		Release|x64 = Release|x64
		Release|x86 = Release|x86
	EndGlobalSection
	GlobalSection(ProjectConfigurationPlatforms) = postSolution
		{3CB32A31-19CF-44D5-98C8-63351B177EA3}.Debug|Any CPU.ActiveCfg = Debug|Any CPU
		{3CB32A31-19CF-44D5-98C8-63351B177EA3}.Debug|Any CPU.Build.0 = Debug|Any CPU
		{3CB32A31-19CF-44D5-98C8-63351B177EA3}.Debug|x64.ActiveCfg = Debug|Any CPU
		{3CB32A31-19CF-44D5-98C8-63351B177EA3}.Debug|x64.Build.0 = Debug|Any CPU
		{3CB32A31-19CF-44D5-98C8-63351B177EA3}.Debug|x86.ActiveCfg = Debug|Any CPU
		{3CB32A31-19CF-44D5-98C8-63351B177EA3}.Debug|x86.Build.0 = Debug|Any CPU
		{3CB32A31-19CF-44D5-98C8-63351B177EA3}.Release|Any CPU.ActiveCfg = Release|Any CPU
		{3CB32A31-19CF-44D5-98C8-63351B177EA3}.Release|Any CPU.Build.0 = Release|Any CPU
		{3CB32A31-19CF-44D5-98C8-63351B177EA3}.Release|x64.ActiveCfg = Release|Any CPU
		{3CB32A31-19CF-44D5-98C8-63351B177EA3}.Release|x64.Build.0 = Release|Any CPU
		{3CB32A31-19CF-44D5-98C8-63351B177EA3}.Release|x86.ActiveCfg = Release|Any CPU
		{3CB32A31-19CF-44D5-98C8-63351B177EA3}.Release|x86.Build.0 = Release|Any CPU
		{5AE74353-F6FD-46AC-AE31-642C7FC2C172}.Debug|Any CPU.ActiveCfg = Debug|Any CPU
		{5AE74353-F6FD-46AC-AE31-642C7FC2C172}.Debug|Any CPU.Build.0 = Debug|Any CPU
		{5AE74353-F6FD-46AC-AE31-642C7FC2C172}.Debug|x64.ActiveCfg = Debug|Any CPU
		{5AE74353-F6FD-46AC-AE31-642C7FC2C172}.Debug|x64.Build.0 = Debug|Any CPU
		{5AE74353-F6FD-46AC-AE31-642C7FC2C172}.Debug|x86.ActiveCfg = Debug|Any CPU
		{5AE74353-F6FD-46AC-AE31-642C7FC2C172}.Debug|x86.Build.0 = Debug|Any CPU
		{5AE74353-F6FD-46AC-AE31-642C7FC2C172}.Release|Any CPU.ActiveCfg = Release|Any CPU
		{5AE74353-F6FD-46AC-AE31-642C7FC2C172}.Release|Any CPU.Build.0 = Release|Any CPU
		{5AE74353-F6FD-46AC-AE31-642C7FC2C172}.Release|x64.ActiveCfg = Release|Any CPU
		{5AE74353-F6FD-46AC-AE31-642C7FC2C172}.Release|x64.Build.0 = Release|Any CPU
		{5AE74353-F6FD-46AC-AE31-642C7FC2C172}.Release|x86.ActiveCfg = Release|Any CPU
		{5AE74353-F6FD-46AC-AE31-642C7FC2C172}.Release|x86.Build.0 = Release|Any CPU
		{B5F1EA23-0D58-4B68-9265-E08EE93F3834}.Debug|Any CPU.ActiveCfg = Debug|Any CPU
		{B5F1EA23-0D58-4B68-9265-E08EE93F3834}.Debug|Any CPU.Build.0 = Debug|Any CPU
		{B5F1EA23-0D58-4B68-9265-E08EE93F3834}.Debug|x64.ActiveCfg = Debug|Any CPU
		{B5F1EA23-0D58-4B68-9265-E08EE93F3834}.Debug|x64.Build.0 = Debug|Any CPU
		{B5F1EA23-0D58-4B68-9265-E08EE93F3834}.Debug|x86.ActiveCfg = Debug|Any CPU
		{B5F1EA23-0D58-4B68-9265-E08EE93F3834}.Debug|x86.Build.0 = Debug|Any CPU
		{B5F1EA23-0D58-4B68-9265-E08EE93F3834}.Release|Any CPU.ActiveCfg = Release|Any CPU
		{B5F1EA23-0D58-4B68-9265-E08EE93F3834}.Release|Any CPU.Build.0 = Release|Any CPU
		{B5F1EA23-0D58-4B68-9265-E08EE93F3834}.Release|x64.ActiveCfg = Release|Any CPU
		{B5F1EA23-0D58-4B68-9265-E08EE93F3834}.Release|x64.Build.0 = Release|Any CPU
		{B5F1EA23-0D58-4B68-9265-E08EE93F3834}.Release|x86.ActiveCfg = Release|Any CPU
		{B5F1EA23-0D58-4B68-9265-E08EE93F3834}.Release|x86.Build.0 = Release|Any CPU
		{F87FFC97-8CD8-4ECD-94F2-EA3B5A250B61}.Debug|Any CPU.ActiveCfg = Debug|Any CPU
		{F87FFC97-8CD8-4ECD-94F2-EA3B5A250B61}.Debug|Any CPU.Build.0 = Debug|Any CPU
		{F87FFC97-8CD8-4ECD-94F2-EA3B5A250B61}.Debug|x64.ActiveCfg = Debug|Any CPU
		{F87FFC97-8CD8-4ECD-94F2-EA3B5A250B61}.Debug|x64.Build.0 = Debug|Any CPU
		{F87FFC97-8CD8-4ECD-94F2-EA3B5A250B61}.Debug|x86.ActiveCfg = Debug|Any CPU
		{F87FFC97-8CD8-4ECD-94F2-EA3B5A250B61}.Debug|x86.Build.0 = Debug|Any CPU
		{F87FFC97-8CD8-4ECD-94F2-EA3B5A250B61}.Release|Any CPU.ActiveCfg = Release|Any CPU
		{F87FFC97-8CD8-4ECD-94F2-EA3B5A250B61}.Release|Any CPU.Build.0 = Release|Any CPU
		{F87FFC97-8CD8-4ECD-94F2-EA3B5A250B61}.Release|x64.ActiveCfg = Release|Any CPU
		{F87FFC97-8CD8-4ECD-94F2-EA3B5A250B61}.Release|x64.Build.0 = Release|Any CPU
		{F87FFC97-8CD8-4ECD-94F2-EA3B5A250B61}.Release|x86.ActiveCfg = Release|Any CPU
		{F87FFC97-8CD8-4ECD-94F2-EA3B5A250B61}.Release|x86.Build.0 = Release|Any CPU
		{28E5AAC3-6A19-4720-8C68-D3143F2DA6B5}.Debug|Any CPU.ActiveCfg = Debug|Any CPU
		{28E5AAC3-6A19-4720-8C68-D3143F2DA6B5}.Debug|Any CPU.Build.0 = Debug|Any CPU
		{28E5AAC3-6A19-4720-8C68-D3143F2DA6B5}.Debug|x64.ActiveCfg = Debug|Any CPU
		{28E5AAC3-6A19-4720-8C68-D3143F2DA6B5}.Debug|x64.Build.0 = Debug|Any CPU
		{28E5AAC3-6A19-4720-8C68-D3143F2DA6B5}.Debug|x86.ActiveCfg = Debug|Any CPU
		{28E5AAC3-6A19-4720-8C68-D3143F2DA6B5}.Debug|x86.Build.0 = Debug|Any CPU
		{28E5AAC3-6A19-4720-8C68-D3143F2DA6B5}.Release|Any CPU.ActiveCfg = Release|Any CPU
		{28E5AAC3-6A19-4720-8C68-D3143F2DA6B5}.Release|Any CPU.Build.0 = Release|Any CPU
		{28E5AAC3-6A19-4720-8C68-D3143F2DA6B5}.Release|x64.ActiveCfg = Release|Any CPU
		{28E5AAC3-6A19-4720-8C68-D3143F2DA6B5}.Release|x64.Build.0 = Release|Any CPU
		{28E5AAC3-6A19-4720-8C68-D3143F2DA6B5}.Release|x86.ActiveCfg = Release|Any CPU
		{28E5AAC3-6A19-4720-8C68-D3143F2DA6B5}.Release|x86.Build.0 = Release|Any CPU
	EndGlobalSection
	GlobalSection(SolutionProperties) = preSolution
		HideSolutionNode = FALSE
	EndGlobalSection
EndGlobal
